# This file is generated by running "yarn install" inside your project.
# Manual changes might be lost - proceed with caution!

__metadata:
  version: 8
  cacheKey: 10c0

"farmshare-intern-dev-project@workspace:.":
  version: 0.0.0-use.local
  resolution: "farmshare-intern-dev-project@workspace:."
  languageName: unknown
  linkType: soft
